
Microsoft Visual Studio Solution File, Format Version 12.00
# Visual Studio 14
VisualStudioVersion = 14.0.25420.1
MinimumVisualStudioVersion = 10.0.40219.1
Project("{FAE04EC0-301F-11D3-BF4B-00C04F79EFBC}") = "BankAccount", "BankAccount\BankAccount.csproj", "{696A18FB-FCCC-4A73-8DCA-12995B746C4B}"
EndProject
Project("{00D1A9C2-B5F0-4AF3-8072-F6C62B433612}") = "BankAccountDB", "BankAccountDB\BankAccountDB.sqlproj", "{C9A8A5C1-982D-4943-A1E0-3D0A35CB33BC}"
EndProject
Global
	GlobalSection(SolutionConfigurationPlatforms) = preSolution
		Debug|Any CPU = Debug|Any CPU
		Release|Any CPU = Release|Any CPU
	EndGlobalSection
	GlobalSection(ProjectConfigurationPlatforms) = postSolution
		{696A18FB-FCCC-4A73-8DCA-12995B746C4B}.Debug|Any CPU.ActiveCfg = Debug|Any CPU
		{696A18FB-FCCC-4A73-8DCA-12995B746C4B}.Debug|Any CPU.Build.0 = Debug|Any CPU
		{696A18FB-FCCC-4A73-8DCA-12995B746C4B}.Release|Any CPU.ActiveCfg = Release|Any CPU
		{696A18FB-FCCC-4A73-8DCA-12995B746C4B}.Release|Any CPU.Build.0 = Release|Any CPU
		{C9A8A5C1-982D-4943-A1E0-3D0A35CB33BC}.Debug|Any CPU.ActiveCfg = Debug|Any CPU
		{C9A8A5C1-982D-4943-A1E0-3D0A35CB33BC}.Debug|Any CPU.Build.0 = Debug|Any CPU
		{C9A8A5C1-982D-4943-A1E0-3D0A35CB33BC}.Debug|Any CPU.Deploy.0 = Debug|Any CPU
		{C9A8A5C1-982D-4943-A1E0-3D0A35CB33BC}.Release|Any CPU.ActiveCfg = Release|Any CPU
		{C9A8A5C1-982D-4943-A1E0-3D0A35CB33BC}.Release|Any CPU.Build.0 = Release|Any CPU
		{C9A8A5C1-982D-4943-A1E0-3D0A35CB33BC}.Release|Any CPU.Deploy.0 = Release|Any CPU
	EndGlobalSection
	GlobalSection(SolutionProperties) = preSolution
		HideSolutionNode = FALSE
	EndGlobalSection
EndGlobal
